
Microsoft Visual Studio Solution File, Format Version 12.00
# Visual Studio Version 17
VisualStudioVersion = 17.5.33516.290
MinimumVisualStudioVersion = 10.0.40219.1
Project("{FAE04EC0-301F-11D3-BF4B-00C04F79EFBC}") = "Cities", "Cities.csproj", "{E02A78B7-244E-4383-9470-3AC6D6E17AE4}"
EndProject
Project("{2150E333-8FDC-42A3-9474-1A3956D46DE8}") = "1. UI", "1. UI", "{1B04EC1E-B17A-4EE5-81BE-DF499C0100C2}"
EndProject
Project("{2150E333-8FDC-42A3-9474-1A3956D46DE8}") = "2. Manager", "2. Manager", "{98C44980-A986-4261-99A5-6C476C35083B}"
EndProject
Project("{2150E333-8FDC-42A3-9474-1A3956D46DE8}") = "3. Repository", "3. Repository", "{319BA8F2-780A-4955-870A-4CEDA9882C6B}"
EndProject
Project("{FAE04EC0-301F-11D3-BF4B-00C04F79EFBC}") = "Entities", "..\Entities\Entities.csproj", "{24E18D2E-E640-4470-AD7D-5CAB45A0C1AB}"
EndProject
Project("{FAE04EC0-301F-11D3-BF4B-00C04F79EFBC}") = "Manager", "..\Manager\Manager.csproj", "{62F1F054-A0AA-419A-8933-C79D40FE140E}"
EndProject
Project("{FAE04EC0-301F-11D3-BF4B-00C04F79EFBC}") = "IOC", "..\IOC\IOC.csproj", "{944CD8F2-DB41-4D69-A7F7-46F6E13DBBD6}"
EndProject
Project("{FAE04EC0-301F-11D3-BF4B-00C04F79EFBC}") = "Repository", "..\Repository\Repository.csproj", "{96D6DF82-6F29-4B29-A88C-604BDCE1E814}"
EndProject
Global
	GlobalSection(SolutionConfigurationPlatforms) = preSolution
		Debug|Any CPU = Debug|Any CPU
		Release|Any CPU = Release|Any CPU
	EndGlobalSection
	GlobalSection(ProjectConfigurationPlatforms) = postSolution
		{E02A78B7-244E-4383-9470-3AC6D6E17AE4}.Debug|Any CPU.ActiveCfg = Debug|Any CPU
		{E02A78B7-244E-4383-9470-3AC6D6E17AE4}.Debug|Any CPU.Build.0 = Debug|Any CPU
		{E02A78B7-244E-4383-9470-3AC6D6E17AE4}.Release|Any CPU.ActiveCfg = Release|Any CPU
		{E02A78B7-244E-4383-9470-3AC6D6E17AE4}.Release|Any CPU.Build.0 = Release|Any CPU
		{24E18D2E-E640-4470-AD7D-5CAB45A0C1AB}.Debug|Any CPU.ActiveCfg = Debug|Any CPU
		{24E18D2E-E640-4470-AD7D-5CAB45A0C1AB}.Debug|Any CPU.Build.0 = Debug|Any CPU
		{24E18D2E-E640-4470-AD7D-5CAB45A0C1AB}.Release|Any CPU.ActiveCfg = Release|Any CPU
		{24E18D2E-E640-4470-AD7D-5CAB45A0C1AB}.Release|Any CPU.Build.0 = Release|Any CPU
		{62F1F054-A0AA-419A-8933-C79D40FE140E}.Debug|Any CPU.ActiveCfg = Debug|Any CPU
		{62F1F054-A0AA-419A-8933-C79D40FE140E}.Debug|Any CPU.Build.0 = Debug|Any CPU
		{62F1F054-A0AA-419A-8933-C79D40FE140E}.Release|Any CPU.ActiveCfg = Release|Any CPU
		{62F1F054-A0AA-419A-8933-C79D40FE140E}.Release|Any CPU.Build.0 = Release|Any CPU
		{944CD8F2-DB41-4D69-A7F7-46F6E13DBBD6}.Debug|Any CPU.ActiveCfg = Debug|Any CPU
		{944CD8F2-DB41-4D69-A7F7-46F6E13DBBD6}.Debug|Any CPU.Build.0 = Debug|Any CPU
		{944CD8F2-DB41-4D69-A7F7-46F6E13DBBD6}.Release|Any CPU.ActiveCfg = Release|Any CPU
		{944CD8F2-DB41-4D69-A7F7-46F6E13DBBD6}.Release|Any CPU.Build.0 = Release|Any CPU
		{96D6DF82-6F29-4B29-A88C-604BDCE1E814}.Debug|Any CPU.ActiveCfg = Debug|Any CPU
		{96D6DF82-6F29-4B29-A88C-604BDCE1E814}.Debug|Any CPU.Build.0 = Debug|Any CPU
		{96D6DF82-6F29-4B29-A88C-604BDCE1E814}.Release|Any CPU.ActiveCfg = Release|Any CPU
		{96D6DF82-6F29-4B29-A88C-604BDCE1E814}.Release|Any CPU.Build.0 = Release|Any CPU
	EndGlobalSection
	GlobalSection(SolutionProperties) = preSolution
		HideSolutionNode = FALSE
	EndGlobalSection
	GlobalSection(NestedProjects) = preSolution
		{E02A78B7-244E-4383-9470-3AC6D6E17AE4} = {1B04EC1E-B17A-4EE5-81BE-DF499C0100C2}
		{24E18D2E-E640-4470-AD7D-5CAB45A0C1AB} = {98C44980-A986-4261-99A5-6C476C35083B}
		{62F1F054-A0AA-419A-8933-C79D40FE140E} = {98C44980-A986-4261-99A5-6C476C35083B}
		{944CD8F2-DB41-4D69-A7F7-46F6E13DBBD6} = {98C44980-A986-4261-99A5-6C476C35083B}
		{96D6DF82-6F29-4B29-A88C-604BDCE1E814} = {319BA8F2-780A-4955-870A-4CEDA9882C6B}
	EndGlobalSection
	GlobalSection(ExtensibilityGlobals) = postSolution
		SolutionGuid = {DEB40578-368B-4228-979B-BC5290FB032E}
	EndGlobalSection
EndGlobal
